// !$*UTF8*$!
{
	archiveVersion = 1;
	classes = {
	};
	objectVersion = 50;
	objects = {

/* Begin PBXBuildFile section */
		900F59762474220C00CCD07C /* AppDelegate.swift in Sources */ = {isa = PBXBuildFile; fileRef = 900F59752474220C00CCD07C /* AppDelegate.swift */; };
		900F59782474220C00CCD07C /* SceneDelegate.swift in Sources */ = {isa = PBXBuildFile; fileRef = 900F59772474220C00CCD07C /* SceneDelegate.swift */; };
		900F597A2474220C00CCD07C /* ContentView.swift in Sources */ = {isa = PBXBuildFile; fileRef = 900F59792474220C00CCD07C /* ContentView.swift */; };
		900F597C2474220F00CCD07C /* Assets.xcassets in Resources */ = {isa = PBXBuildFile; fileRef = 900F597B2474220F00CCD07C /* Assets.xcassets */; };
		900F597F2474220F00CCD07C /* Preview Assets.xcassets in Resources */ = {isa = PBXBuildFile; fileRef = 900F597E2474220F00CCD07C /* Preview Assets.xcassets */; };
		900F59822474220F00CCD07C /* LaunchScreen.storyboard in Resources */ = {isa = PBXBuildFile; fileRef = 900F59802474220F00CCD07C /* LaunchScreen.storyboard */; };
		900F598F2474229400CCD07C /* DateFormatter+.swift in Sources */ = {isa = PBXBuildFile; fileRef = 900F598E2474229400CCD07C /* DateFormatter+.swift */; };
		900F5991247422EF00CCD07C /* Message.swift in Sources */ = {isa = PBXBuildFile; fileRef = 900F5990247422EF00CCD07C /* Message.swift */; };
		900F59932474234100CCD07C /* User.swift in Sources */ = {isa = PBXBuildFile; fileRef = 900F59922474234100CCD07C /* User.swift */; };
		900F59952474239E00CCD07C /* ChatViewModel.swift in Sources */ = {isa = PBXBuildFile; fileRef = 900F59942474239E00CCD07C /* ChatViewModel.swift */; };
		906C21AB24746AB800908A37 /* ChatScrollView.swift in Sources */ = {isa = PBXBuildFile; fileRef = 906C21AA24746AB800908A37 /* ChatScrollView.swift */; };
		906C21AD24746AD800908A37 /* MessageView.swift in Sources */ = {isa = PBXBuildFile; fileRef = 906C21AC24746AD800908A37 /* MessageView.swift */; };
		906C21AF24746BA100908A37 /* ToolbarView.swift in Sources */ = {isa = PBXBuildFile; fileRef = 906C21AE24746BA100908A37 /* ToolbarView.swift */; };
/* End PBXBuildFile section */

/* Begin PBXFileReference section */
		900F59722474220C00CCD07C /* CrossTalk.app */ = {isa = PBXFileReference; explicitFileType = wrapper.application; includeInIndex = 0; path = CrossTalk.app; sourceTree = BUILT_PRODUCTS_DIR; };
		900F59752474220C00CCD07C /* AppDelegate.swift */ = {isa = PBXFileReference; lastKnownFileType = sourcecode.swift; path = AppDelegate.swift; sourceTree = "<group>"; };
		900F59772474220C00CCD07C /* SceneDelegate.swift */ = {isa = PBXFileReference; lastKnownFileType = sourcecode.swift; path = SceneDelegate.swift; sourceTree = "<group>"; };
		900F59792474220C00CCD07C /* ContentView.swift */ = {isa = PBXFileReference; lastKnownFileType = sourcecode.swift; path = ContentView.swift; sourceTree = "<group>"; };
		900F597B2474220F00CCD07C /* Assets.xcassets */ = {isa = PBXFileReference; lastKnownFileType = folder.assetcatalog; path = Assets.xcassets; sourceTree = "<group>"; };
		900F597E2474220F00CCD07C /* Preview Assets.xcassets */ = {isa = PBXFileReference; lastKnownFileType = folder.assetcatalog; path = "Preview Assets.xcassets"; sourceTree = "<group>"; };
		900F59812474220F00CCD07C /* Base */ = {isa = PBXFileReference; lastKnownFileType = file.storyboard; name = Base; path = Base.lproj/LaunchScreen.storyboard; sourceTree = "<group>"; };
		900F59832474220F00CCD07C /* Info.plist */ = {isa = PBXFileReference; lastKnownFileType = text.plist.xml; path = Info.plist; sourceTree = "<group>"; };
		900F598E2474229400CCD07C /* DateFormatter+.swift */ = {isa = PBXFileReference; lastKnownFileType = sourcecode.swift; path = "DateFormatter+.swift"; sourceTree = "<group>"; };
		900F5990247422EF00CCD07C /* Message.swift */ = {isa = PBXFileReference; lastKnownFileType = sourcecode.swift; path = Message.swift; sourceTree = "<group>"; };
		900F59922474234100CCD07C /* User.swift */ = {isa = PBXFileReference; lastKnownFileType = sourcecode.swift; path = User.swift; sourceTree = "<group>"; };
		900F59942474239E00CCD07C /* ChatViewModel.swift */ = {isa = PBXFileReference; lastKnownFileType = sourcecode.swift; path = ChatViewModel.swift; sourceTree = "<group>"; };
		906C21AA24746AB800908A37 /* ChatScrollView.swift */ = {isa = PBXFileReference; lastKnownFileType = sourcecode.swift; path = ChatScrollView.swift; sourceTree = "<group>"; };
		906C21AC24746AD800908A37 /* MessageView.swift */ = {isa = PBXFileReference; lastKnownFileType = sourcecode.swift; path = MessageView.swift; sourceTree = "<group>"; };
		906C21AE24746BA100908A37 /* ToolbarView.swift */ = {isa = PBXFileReference; lastKnownFileType = sourcecode.swift; path = ToolbarView.swift; sourceTree = "<group>"; };
/* End PBXFileReference section */

/* Begin PBXFrameworksBuildPhase section */
		900F596F2474220C00CCD07C /* Frameworks */ = {
			isa = PBXFrameworksBuildPhase;
			buildActionMask = 2147483647;
			files = (
			);
			runOnlyForDeploymentPostprocessing = 0;
		};
/* End PBXFrameworksBuildPhase section */

/* Begin PBXGroup section */
		900F59692474220C00CCD07C = {
			isa = PBXGroup;
			children = (
				900F59742474220C00CCD07C /* CrossTalk */,
				900F59732474220C00CCD07C /* Products */,
			);
			sourceTree = "<group>";
		};
		900F59732474220C00CCD07C /* Products */ = {
			isa = PBXGroup;
			children = (
				900F59722474220C00CCD07C /* CrossTalk.app */,
			);
			name = Products;
			sourceTree = "<group>";
		};
		900F59742474220C00CCD07C /* CrossTalk */ = {
			isa = PBXGroup;
			children = (
				900F598A2474223A00CCD07C /* App */,
				900F598D2474224D00CCD07C /* ViewModels */,
				900F598B2474224200CCD07C /* Models */,
				900F598C2474224600CCD07C /* Views */,
				900F59892474222300CCD07C /* Supporting Files */,
				900F597D2474220F00CCD07C /* Preview Content */,
			);
			path = CrossTalk;
			sourceTree = "<group>";
		};
		900F597D2474220F00CCD07C /* Preview Content */ = {
			isa = PBXGroup;
			children = (
				900F597E2474220F00CCD07C /* Preview Assets.xcassets */,
			);
			path = "Preview Content";
			sourceTree = "<group>";
		};
		900F59892474222300CCD07C /* Supporting Files */ = {
			isa = PBXGroup;
			children = (
				900F597B2474220F00CCD07C /* Assets.xcassets */,
				900F59802474220F00CCD07C /* LaunchScreen.storyboard */,
				900F59832474220F00CCD07C /* Info.plist */,
				900F598E2474229400CCD07C /* DateFormatter+.swift */,
			);
			name = "Supporting Files";
			sourceTree = "<group>";
		};
		900F598A2474223A00CCD07C /* App */ = {
			isa = PBXGroup;
			children = (
				900F59752474220C00CCD07C /* AppDelegate.swift */,
				900F59772474220C00CCD07C /* SceneDelegate.swift */,
			);
			path = App;
			sourceTree = "<group>";
		};
		900F598B2474224200CCD07C /* Models */ = {
			isa = PBXGroup;
			children = (
				900F5990247422EF00CCD07C /* Message.swift */,
				900F59922474234100CCD07C /* User.swift */,
			);
			path = Models;
			sourceTree = "<group>";
		};
		900F598C2474224600CCD07C /* Views */ = {
			isa = PBXGroup;
			children = (
				900F59792474220C00CCD07C /* ContentView.swift */,
				906C21AA24746AB800908A37 /* ChatScrollView.swift */,
				906C21AC24746AD800908A37 /* MessageView.swift */,
				906C21AE24746BA100908A37 /* ToolbarView.swift */,
			);
			path = Views;
			sourceTree = "<group>";
		};
		900F598D2474224D00CCD07C /* ViewModels */ = {
			isa = PBXGroup;
			children = (
				900F59942474239E00CCD07C /* ChatViewModel.swift */,
			);
			path = ViewModels;
			sourceTree = "<group>";
		};
/* End PBXGroup section */

/* Begin PBXNativeTarget section */
		900F59712474220C00CCD07C /* CrossTalk */ = {
			isa = PBXNativeTarget;
			buildConfigurationList = 900F59862474220F00CCD07C /* Build configuration list for PBXNativeTarget "CrossTalk" */;
			buildPhases = (
				900F596E2474220C00CCD07C /* Sources */,
				900F596F2474220C00CCD07C /* Frameworks */,
				900F59702474220C00CCD07C /* Resources */,
			);
			buildRules = (
			);
			dependencies = (
			);
			name = CrossTalk;
			productName = CrossTalk;
			productReference = 900F59722474220C00CCD07C /* CrossTalk.app */;
			productType = "com.apple.product-type.application";
		};
/* End PBXNativeTarget section */

/* Begin PBXProject section */
		900F596A2474220C00CCD07C /* Project object */ = {
			isa = PBXProject;
			attributes = {
				LastSwiftUpdateCheck = 1140;
				LastUpgradeCheck = 1140;
				ORGANIZATIONNAME = vitor.ferrazvarela;
				TargetAttributes = {
					900F59712474220C00CCD07C = {
						CreatedOnToolsVersion = 11.4.1;
					};
				};
			};
			buildConfigurationList = 900F596D2474220C00CCD07C /* Build configuration list for PBXProject "CrossTalk" */;
			compatibilityVersion = "Xcode 9.3";
			developmentRegion = en;
			hasScannedForEncodings = 0;
			knownRegions = (
				en,
				Base,
			);
			mainGroup = 900F59692474220C00CCD07C;
			productRefGroup = 900F59732474220C00CCD07C /* Products */;
			projectDirPath = "";
			projectRoot = "";
			targets = (
				900F59712474220C00CCD07C /* CrossTalk */,
			);
		};
/* End PBXProject section */

/* Begin PBXResourcesBuildPhase section */
		900F59702474220C00CCD07C /* Resources */ = {
			isa = PBXResourcesBuildPhase;
			buildActionMask = 2147483647;
			files = (
				900F59822474220F00CCD07C /* LaunchScreen.storyboard in Resources */,
				900F597F2474220F00CCD07C /* Preview Assets.xcassets in Resources */,
				900F597C2474220F00CCD07C /* Assets.xcassets in Resources */,
			);
			runOnlyForDeploymentPostprocessing = 0;
		};
/* End PBXResourcesBuildPhase section */

/* Begin PBXSourcesBuildPhase section */
		900F596E2474220C00CCD07C /* Sources */ = {
			isa = PBXSourcesBuildPhase;
			buildActionMask = 2147483647;
			files = (
				900F598F2474229400CCD07C /* DateFormatter+.swift in Sources */,
				906C21AB24746AB800908A37 /* ChatScrollView.swift in Sources */,
				900F59952474239E00CCD07C /* ChatViewModel.swift in Sources */,
				906C21AD24746AD800908A37 /* MessageView.swift in Sources */,
				900F59762474220C00CCD07C /* AppDelegate.swift in Sources */,
				900F59932474234100CCD07C /* User.swift in Sources */,
				906C21AF24746BA100908A37 /* ToolbarView.swift in Sources */,
				900F5991247422EF00CCD07C /* Message.swift in Sources */,
				900F59782474220C00CCD07C /* SceneDelegate.swift in Sources */,
				900F597A2474220C00CCD07C /* ContentView.swift in Sources */,
			);
			runOnlyForDeploymentPostprocessing = 0;
		};
/* End PBXSourcesBuildPhase section */

/* Begin PBXVariantGroup section */
		900F59802474220F00CCD07C /* LaunchScreen.storyboard */ = {
			isa = PBXVariantGroup;
			children = (
				900F59812474220F00CCD07C /* Base */,
			);
			name = LaunchScreen.storyboard;
			sourceTree = "<group>";
		};
/* End PBXVariantGroup section */

/* Begin XCBuildConfiguration section */
		900F59842474220F00CCD07C /* Debug */ = {
			isa = XCBuildConfiguration;
			buildSettings = {
				ALWAYS_SEARCH_USER_PATHS = NO;
				CLANG_ANALYZER_NONNULL = YES;
				CLANG_ANALYZER_NUMBER_OBJECT_CONVERSION = YES_AGGRESSIVE;
				CLANG_CXX_LANGUAGE_STANDARD = "gnu++14";
				CLANG_CXX_LIBRARY = "libc++";
				CLANG_ENABLE_MODULES = YES;
				CLANG_ENABLE_OBJC_ARC = YES;
				CLANG_ENABLE_OBJC_WEAK = YES;
				CLANG_WARN_BLOCK_CAPTURE_AUTORELEASING = YES;
				CLANG_WARN_BOOL_CONVERSION = YES;
				CLANG_WARN_COMMA = YES;
				CLANG_WARN_CONSTANT_CONVERSION = YES;
				CLANG_WARN_DEPRECATED_OBJC_IMPLEMENTATIONS = YES;
				CLANG_WARN_DIRECT_OBJC_ISA_USAGE = YES_ERROR;
				CLANG_WARN_DOCUMENTATION_COMMENTS = YES;
				CLANG_WARN_EMPTY_BODY = YES;
				CLANG_WARN_ENUM_CONVERSION = YES;
				CLANG_WARN_INFINITE_RECURSION = YES;
				CLANG_WARN_INT_CONVERSION = YES;
				CLANG_WARN_NON_LITERAL_NULL_CONVERSION = YES;
				CLANG_WARN_OBJC_IMPLICIT_RETAIN_SELF = YES;
				CLANG_WARN_OBJC_LITERAL_CONVERSION = YES;
				CLANG_WARN_OBJC_ROOT_CLASS = YES_ERROR;
				CLANG_WARN_RANGE_LOOP_ANALYSIS = YES;
				CLANG_WARN_STRICT_PROTOTYPES = YES;
				CLANG_WARN_SUSPICIOUS_MOVE = YES;
				CLANG_WARN_UNGUARDED_AVAILABILITY = YES_AGGRESSIVE;
				CLANG_WARN_UNREACHABLE_CODE = YES;
				CLANG_WARN__DUPLICATE_METHOD_MATCH = YES;
				COPY_PHASE_STRIP = NO;
				DEBUG_INFORMATION_FORMAT = dwarf;
				ENABLE_STRICT_OBJC_MSGSEND = YES;
				ENABLE_TESTABILITY = YES;
				GCC_C_LANGUAGE_STANDARD = gnu11;
				GCC_DYNAMIC_NO_PIC = NO;
				GCC_NO_COMMON_BLOCKS = YES;
				GCC_OPTIMIZATION_LEVEL = 0;
				GCC_PREPROCESSOR_DEFINITIONS = (
					"DEBUG=1",
					"$(inherited)",
				);
				GCC_WARN_64_TO_32_BIT_CONVERSION = YES;
				GCC_WARN_ABOUT_RETURN_TYPE = YES_ERROR;
				GCC_WARN_UNDECLARED_SELECTOR = YES;
				GCC_WARN_UNINITIALIZED_AUTOS = YES_AGGRESSIVE;
				GCC_WARN_UNUSED_FUNCTION = YES;
				GCC_WARN_UNUSED_VARIABLE = YES;
				IPHONEOS_DEPLOYMENT_TARGET = 13.4;
				MTL_ENABLE_DEBUG_INFO = INCLUDE_SOURCE;
				MTL_FAST_MATH = YES;
				ONLY_ACTIVE_ARCH = YES;
				SDKROOT = iphoneos;
				SWIFT_ACTIVE_COMPILATION_CONDITIONS = DEBUG;
				SWIFT_OPTIMIZATION_LEVEL = "-Onone";
			};
			name = Debug;
		};
		900F59852474220F00CCD07C /* Release */ = {
			isa = XCBuildConfiguration;
			buildSettings = {
				ALWAYS_SEARCH_USER_PATHS = NO;
				CLANG_ANALYZER_NONNULL = YES;
				CLANG_ANALYZER_NUMBER_OBJECT_CONVERSION = YES_AGGRESSIVE;
				CLANG_CXX_LANGUAGE_STANDARD = "gnu++14";
				CLANG_CXX_LIBRARY = "libc++";
				CLANG_ENABLE_MODULES = YES;
				CLANG_ENABLE_OBJC_ARC = YES;
				CLANG_ENABLE_OBJC_WEAK = YES;
				CLANG_WARN_BLOCK_CAPTURE_AUTORELEASING = YES;
				CLANG_WARN_BOOL_CONVERSION = YES;
				CLANG_WARN_COMMA = YES;
				CLANG_WARN_CONSTANT_CONVERSION = YES;
				CLANG_WARN_DEPRECATED_OBJC_IMPLEMENTATIONS = YES;
				CLANG_WARN_DIRECT_OBJC_ISA_USAGE = YES_ERROR;
				CLANG_WARN_DOCUMENTATION_COMMENTS = YES;
				CLANG_WARN_EMPTY_BODY = YES;
				CLANG_WARN_ENUM_CONVERSION = YES;
				CLANG_WARN_INFINITE_RECURSION = YES;
				CLANG_WARN_INT_CONVERSION = YES;
				CLANG_WARN_NON_LITERAL_NULL_CONVERSION = YES;
				CLANG_WARN_OBJC_IMPLICIT_RETAIN_SELF = YES;
				CLANG_WARN_OBJC_LITERAL_CONVERSION = YES;
				CLANG_WARN_OBJC_ROOT_CLASS = YES_ERROR;
				CLANG_WARN_RANGE_LOOP_ANALYSIS = YES;
				CLANG_WARN_STRICT_PROTOTYPES = YES;
				CLANG_WARN_SUSPICIOUS_MOVE = YES;
				CLANG_WARN_UNGUARDED_AVAILABILITY = YES_AGGRESSIVE;
				CLANG_WARN_UNREACHABLE_CODE = YES;
				CLANG_WARN__DUPLICATE_METHOD_MATCH = YES;
				COPY_PHASE_STRIP = NO;
				DEBUG_INFORMATION_FORMAT = "dwarf-with-dsym";
				ENABLE_NS_ASSERTIONS = NO;
				ENABLE_STRICT_OBJC_MSGSEND = YES;
				GCC_C_LANGUAGE_STANDARD = gnu11;
				GCC_NO_COMMON_BLOCKS = YES;
				GCC_WARN_64_TO_32_BIT_CONVERSION = YES;
				GCC_WARN_ABOUT_RETURN_TYPE = YES_ERROR;
				GCC_WARN_UNDECLARED_SELECTOR = YES;
				GCC_WARN_UNINITIALIZED_AUTOS = YES_AGGRESSIVE;
				GCC_WARN_UNUSED_FUNCTION = YES;
				GCC_WARN_UNUSED_VARIABLE = YES;
				IPHONEOS_DEPLOYMENT_TARGET = 13.4;
				MTL_ENABLE_DEBUG_INFO = NO;
				MTL_FAST_MATH = YES;
				SDKROOT = iphoneos;
				SWIFT_COMPILATION_MODE = wholemodule;
				SWIFT_OPTIMIZATION_LEVEL = "-O";
				VALIDATE_PRODUCT = YES;
			};
			name = Release;
		};
		900F59872474220F00CCD07C /* Debug */ = {
			isa = XCBuildConfiguration;
			buildSettings = {
				ASSETCATALOG_COMPILER_APPICON_NAME = AppIcon;
				CODE_SIGN_STYLE = Automatic;
				DEVELOPMENT_ASSET_PATHS = "\"CrossTalk/Preview Content\"";
				DEVELOPMENT_TEAM = UX2K5XG954;
				ENABLE_PREVIEWS = YES;
				INFOPLIST_FILE = CrossTalk/Info.plist;
				LD_RUNPATH_SEARCH_PATHS = (
					"$(inherited)",
					"@executable_path/Frameworks",
				);
				PRODUCT_BUNDLE_IDENTIFIER = vitor.CrossTalk;
				PRODUCT_NAME = "$(TARGET_NAME)";
				SWIFT_VERSION = 5.0;
				TARGETED_DEVICE_FAMILY = "1,2";
			};
			name = Debug;
		};
		900F59882474220F00CCD07C /* Release */ = {
			isa = XCBuildConfiguration;
			buildSettings = {
				ASSETCATALOG_COMPILER_APPICON_NAME = AppIcon;
				CODE_SIGN_STYLE = Automatic;
				DEVELOPMENT_ASSET_PATHS = "\"CrossTalk/Preview Content\"";
				DEVELOPMENT_TEAM = UX2K5XG954;
				ENABLE_PREVIEWS = YES;
				INFOPLIST_FILE = CrossTalk/Info.plist;
				LD_RUNPATH_SEARCH_PATHS = (
					"$(inherited)",
					"@executable_path/Frameworks",
				);
				PRODUCT_BUNDLE_IDENTIFIER = vitor.CrossTalk;
				PRODUCT_NAME = "$(TARGET_NAME)";
				SWIFT_VERSION = 5.0;
				TARGETED_DEVICE_FAMILY = "1,2";
			};
			name = Release;
		};
/* End XCBuildConfiguration section */

/* Begin XCConfigurationList section */
		900F596D2474220C00CCD07C /* Build configuration list for PBXProject "CrossTalk" */ = {
			isa = XCConfigurationList;
			buildConfigurations = (
				900F59842474220F00CCD07C /* Debug */,
				900F59852474220F00CCD07C /* Release */,
			);
			defaultConfigurationIsVisible = 0;
			defaultConfigurationName = Release;
		};
		900F59862474220F00CCD07C /* Build configuration list for PBXNativeTarget "CrossTalk" */ = {
			isa = XCConfigurationList;
			buildConfigurations = (
				900F59872474220F00CCD07C /* Debug */,
				900F59882474220F00CCD07C /* Release */,
			);
			defaultConfigurationIsVisible = 0;
			defaultConfigurationName = Release;
		};
/* End XCConfigurationList section */
	};
	rootObject = 900F596A2474220C00CCD07C /* Project object */;
}
